{
  "name": "salary-management",
  "version": "0.0.0",
  "lockfileVersion": 3,
  "requires": true,
  "packages": {
    "": {
      "name": "salary-management",
      "version": "0.0.0",
      "workspaces": [
        "packages/shared",
        "apps/api",
        "apps/web"
      ],
      "engines": {
        "node": ">=24.0.0 <25.0.0"
      }
    },
    "apps/api": {
      "name": "@salary/api",
      "version": "0.0.0"
    },
    "apps/web": {
      "name": "@salary/web",
      "version": "0.0.0"
    },
    "node_modules/@salary/api": {
      "resolved": "apps/api",
      "link": true
    },
    "node_modules/@salary/shared": {
      "resolved": "packages/shared",
      "link": true
    },
    "node_modules/@salary/web": {
      "resolved": "apps/web",
      "link": true
    },
    "packages/shared": {
      "name": "@salary/shared",
      "version": "0.0.0"
    }
  }
}
